
Microsoft Visual Studio Solution File, Format Version 12.00
# Visual Studio 15
VisualStudioVersion = 15.0.27130.2027
MinimumVisualStudioVersion = 10.0.40219.1
Project("{FAE04EC0-301F-11D3-BF4B-00C04F79EFBC}") = "Hello", "Hello\Hello.csproj", "{2FAD2D80-CE38-44BC-9FCD-19F6905F4DEF}"
EndProject
Global
	GlobalSection(SolutionConfigurationPlatforms) = preSolution
		Debug|Any CPU = Debug|Any CPU
		Release|Any CPU = Release|Any CPU
	EndGlobalSection
	GlobalSection(ProjectConfigurationPlatforms) = postSolution
		{2FAD2D80-CE38-44BC-9FCD-19F6905F4DEF}.Debug|Any CPU.ActiveCfg = Debug|Any CPU
		{2FAD2D80-CE38-44BC-9FCD-19F6905F4DEF}.Debug|Any CPU.Build.0 = Debug|Any CPU
		{2FAD2D80-CE38-44BC-9FCD-19F6905F4DEF}.Release|Any CPU.ActiveCfg = Release|Any CPU
		{2FAD2D80-CE38-44BC-9FCD-19F6905F4DEF}.Release|Any CPU.Build.0 = Release|Any CPU
	EndGlobalSection
	GlobalSection(SolutionProperties) = preSolution
		HideSolutionNode = FALSE
	EndGlobalSection
	GlobalSection(ExtensibilityGlobals) = postSolution
		SolutionGuid = {87F5335F-EF3E-4586-A8BE-EDF126A1C97B}
	EndGlobalSection
EndGlobal
